// !$*UTF8*$!
{
	archiveVersion = 1;
	classes = {
	};
	objectVersion = 46;
	objects = {

/* Begin PBXBuildFile section */
		6688523A1B5A58D1006FA4F3 /* AppDelegate.swift in Sources */ = {isa = PBXBuildFile; fileRef = 668852391B5A58D1006FA4F3 /* AppDelegate.swift */; };
		6688523C1B5A58D1006FA4F3 /* ViewController.swift in Sources */ = {isa = PBXBuildFile; fileRef = 6688523B1B5A58D1006FA4F3 /* ViewController.swift */; };
		6688523F1B5A58D1006FA4F3 /* Main.storyboard in Resources */ = {isa = PBXBuildFile; fileRef = 6688523D1B5A58D1006FA4F3 /* Main.storyboard */; };
		668852411B5A58D1006FA4F3 /* Assets.xcassets in Resources */ = {isa = PBXBuildFile; fileRef = 668852401B5A58D1006FA4F3 /* Assets.xcassets */; };
		668852441B5A58D1006FA4F3 /* LaunchScreen.storyboard in Resources */ = {isa = PBXBuildFile; fileRef = 668852421B5A58D1006FA4F3 /* LaunchScreen.storyboard */; };
		6688524F1B5A58D1006FA4F3 /* MapTests.swift in Sources */ = {isa = PBXBuildFile; fileRef = 6688524E1B5A58D1006FA4F3 /* MapTests.swift */; };
		6688525A1B5A58D1006FA4F3 /* MapUITests.swift in Sources */ = {isa = PBXBuildFile; fileRef = 668852591B5A58D1006FA4F3 /* MapUITests.swift */; };
/* End PBXBuildFile section */

/* Begin PBXContainerItemProxy section */
		6688524B1B5A58D1006FA4F3 /* PBXContainerItemProxy */ = {
			isa = PBXContainerItemProxy;
			containerPortal = 6688522E1B5A58D1006FA4F3 /* Project object */;
			proxyType = 1;
			remoteGlobalIDString = 668852351B5A58D1006FA4F3;
			remoteInfo = Map;
		};
		668852561B5A58D1006FA4F3 /* PBXContainerItemProxy */ = {
			isa = PBXContainerItemProxy;
			containerPortal = 6688522E1B5A58D1006FA4F3 /* Project object */;
			proxyType = 1;
			remoteGlobalIDString = 668852351B5A58D1006FA4F3;
			remoteInfo = Map;
		};
/* End PBXContainerItemProxy section */

/* Begin PBXFileReference section */
		668852361B5A58D1006FA4F3 /* Map.app */ = {isa = PBXFileReference; explicitFileType = wrapper.application; includeInIndex = 0; path = Map.app; sourceTree = BUILT_PRODUCTS_DIR; };
		668852391B5A58D1006FA4F3 /* AppDelegate.swift */ = {isa = PBXFileReference; lastKnownFileType = sourcecode.swift; path = AppDelegate.swift; sourceTree = "<group>"; };
		6688523B1B5A58D1006FA4F3 /* ViewController.swift */ = {isa = PBXFileReference; lastKnownFileType = sourcecode.swift; path = ViewController.swift; sourceTree = "<group>"; };
		6688523E1B5A58D1006FA4F3 /* Base */ = {isa = PBXFileReference; lastKnownFileType = file.storyboard; name = Base; path = Base.lproj/Main.storyboard; sourceTree = "<group>"; };
		668852401B5A58D1006FA4F3 /* Assets.xcassets */ = {isa = PBXFileReference; lastKnownFileType = folder.assetcatalog; path = Assets.xcassets; sourceTree = "<group>"; };
		668852431B5A58D1006FA4F3 /* Base */ = {isa = PBXFileReference; lastKnownFileType = file.storyboard; name = Base; path = Base.lproj/LaunchScreen.storyboard; sourceTree = "<group>"; };
		668852451B5A58D1006FA4F3 /* Info.plist */ = {isa = PBXFileReference; lastKnownFileType = text.plist.xml; path = Info.plist; sourceTree = "<group>"; };
		6688524A1B5A58D1006FA4F3 /* MapTests.xctest */ = {isa = PBXFileReference; explicitFileType = wrapper.cfbundle; includeInIndex = 0; path = MapTests.xctest; sourceTree = BUILT_PRODUCTS_DIR; };
		6688524E1B5A58D1006FA4F3 /* MapTests.swift */ = {isa = PBXFileReference; lastKnownFileType = sourcecode.swift; path = MapTests.swift; sourceTree = "<group>"; };
		668852501B5A58D1006FA4F3 /* Info.plist */ = {isa = PBXFileReference; lastKnownFileType = text.plist.xml; path = Info.plist; sourceTree = "<group>"; };
		668852551B5A58D1006FA4F3 /* MapUITests.xctest */ = {isa = PBXFileReference; explicitFileType = wrapper.cfbundle; includeInIndex = 0; path = MapUITests.xctest; sourceTree = BUILT_PRODUCTS_DIR; };
		668852591B5A58D1006FA4F3 /* MapUITests.swift */ = {isa = PBXFileReference; lastKnownFileType = sourcecode.swift; path = MapUITests.swift; sourceTree = "<group>"; };
		6688525B1B5A58D1006FA4F3 /* Info.plist */ = {isa = PBXFileReference; lastKnownFileType = text.plist.xml; path = Info.plist; sourceTree = "<group>"; };
/* End PBXFileReference section */

/* Begin PBXFrameworksBuildPhase section */
		668852331B5A58D1006FA4F3 /* Frameworks */ = {
			isa = PBXFrameworksBuildPhase;
			buildActionMask = 2147483647;
			files = (
			);
			runOnlyForDeploymentPostprocessing = 0;
		};
		668852471B5A58D1006FA4F3 /* Frameworks */ = {
			isa = PBXFrameworksBuildPhase;
			buildActionMask = 2147483647;
			files = (
			);
			runOnlyForDeploymentPostprocessing = 0;
		};
		668852521B5A58D1006FA4F3 /* Frameworks */ = {
			isa = PBXFrameworksBuildPhase;
			buildActionMask = 2147483647;
			files = (
			);
			runOnlyForDeploymentPostprocessing = 0;
		};
/* End PBXFrameworksBuildPhase section */

/* Begin PBXGroup section */
		6688522D1B5A58D1006FA4F3 = {
			isa = PBXGroup;
			children = (
				668852381B5A58D1006FA4F3 /* Map */,
				6688524D1B5A58D1006FA4F3 /* MapTests */,
				668852581B5A58D1006FA4F3 /* MapUITests */,
				668852371B5A58D1006FA4F3 /* Products */,
			);
			sourceTree = "<group>";
		};
		668852371B5A58D1006FA4F3 /* Products */ = {
			isa = PBXGroup;
			children = (
				668852361B5A58D1006FA4F3 /* Map.app */,
				6688524A1B5A58D1006FA4F3 /* MapTests.xctest */,
				668852551B5A58D1006FA4F3 /* MapUITests.xctest */,
			);
			name = Products;
			sourceTree = "<group>";
		};
		668852381B5A58D1006FA4F3 /* Map */ = {
			isa = PBXGroup;
			children = (
				668852391B5A58D1006FA4F3 /* AppDelegate.swift */,
				6688523B1B5A58D1006FA4F3 /* ViewController.swift */,
				6688523D1B5A58D1006FA4F3 /* Main.storyboard */,
				668852401B5A58D1006FA4F3 /* Assets.xcassets */,
				668852421B5A58D1006FA4F3 /* LaunchScreen.storyboard */,
				668852451B5A58D1006FA4F3 /* Info.plist */,
			);
			path = Map;
			sourceTree = "<group>";
		};
		6688524D1B5A58D1006FA4F3 /* MapTests */ = {
			isa = PBXGroup;
			children = (
				6688524E1B5A58D1006FA4F3 /* MapTests.swift */,
				668852501B5A58D1006FA4F3 /* Info.plist */,
			);
			path = MapTests;
			sourceTree = "<group>";
		};
		668852581B5A58D1006FA4F3 /* MapUITests */ = {
			isa = PBXGroup;
			children = (
				668852591B5A58D1006FA4F3 /* MapUITests.swift */,
				6688525B1B5A58D1006FA4F3 /* Info.plist */,
			);
			path = MapUITests;
			sourceTree = "<group>";
		};
/* End PBXGroup section */

/* Begin PBXNativeTarget section */
		668852351B5A58D1006FA4F3 /* Map */ = {
			isa = PBXNativeTarget;
			buildConfigurationList = 6688525E1B5A58D1006FA4F3 /* Build configuration list for PBXNativeTarget "Map" */;
			buildPhases = (
				668852321B5A58D1006FA4F3 /* Sources */,
				668852331B5A58D1006FA4F3 /* Frameworks */,
				668852341B5A58D1006FA4F3 /* Resources */,
			);
			buildRules = (
			);
			dependencies = (
			);
			name = Map;
			productName = Map;
			productReference = 668852361B5A58D1006FA4F3 /* Map.app */;
			productType = "com.apple.product-type.application";
		};
		668852491B5A58D1006FA4F3 /* MapTests */ = {
			isa = PBXNativeTarget;
			buildConfigurationList = 668852611B5A58D1006FA4F3 /* Build configuration list for PBXNativeTarget "MapTests" */;
			buildPhases = (
				668852461B5A58D1006FA4F3 /* Sources */,
				668852471B5A58D1006FA4F3 /* Frameworks */,
				668852481B5A58D1006FA4F3 /* Resources */,
			);
			buildRules = (
			);
			dependencies = (
				6688524C1B5A58D1006FA4F3 /* PBXTargetDependency */,
			);
			name = MapTests;
			productName = MapTests;
			productReference = 6688524A1B5A58D1006FA4F3 /* MapTests.xctest */;
			productType = "com.apple.product-type.bundle.unit-test";
		};
		668852541B5A58D1006FA4F3 /* MapUITests */ = {
			isa = PBXNativeTarget;
			buildConfigurationList = 668852641B5A58D1006FA4F3 /* Build configuration list for PBXNativeTarget "MapUITests" */;
			buildPhases = (
				668852511B5A58D1006FA4F3 /* Sources */,
				668852521B5A58D1006FA4F3 /* Frameworks */,
				668852531B5A58D1006FA4F3 /* Resources */,
			);
			buildRules = (
			);
			dependencies = (
				668852571B5A58D1006FA4F3 /* PBXTargetDependency */,
			);
			name = MapUITests;
			productName = MapUITests;
			productReference = 668852551B5A58D1006FA4F3 /* MapUITests.xctest */;
			productType = "com.apple.product-type.bundle.ui-testing";
		};
/* End PBXNativeTarget section */

/* Begin PBXProject section */
		6688522E1B5A58D1006FA4F3 /* Project object */ = {
			isa = PBXProject;
			attributes = {
				LastUpgradeCheck = 0700;
				ORGANIZATIONNAME = "Shaowei Zhang";
				TargetAttributes = {
					668852351B5A58D1006FA4F3 = {
						CreatedOnToolsVersion = 7.0;
					};
					668852491B5A58D1006FA4F3 = {
						CreatedOnToolsVersion = 7.0;
						TestTargetID = 668852351B5A58D1006FA4F3;
					};
					668852541B5A58D1006FA4F3 = {
						CreatedOnToolsVersion = 7.0;
						TestTargetID = 668852351B5A58D1006FA4F3;
					};
				};
			};
			buildConfigurationList = 668852311B5A58D1006FA4F3 /* Build configuration list for PBXProject "Map" */;
			compatibilityVersion = "Xcode 3.2";
			developmentRegion = English;
			hasScannedForEncodings = 0;
			knownRegions = (
				en,
				Base,
			);
			mainGroup = 6688522D1B5A58D1006FA4F3;
			productRefGroup = 668852371B5A58D1006FA4F3 /* Products */;
			projectDirPath = "";
			projectRoot = "";
			targets = (
				668852351B5A58D1006FA4F3 /* Map */,
				668852491B5A58D1006FA4F3 /* MapTests */,
				668852541B5A58D1006FA4F3 /* MapUITests */,
			);
		};
/* End PBXProject section */

/* Begin PBXResourcesBuildPhase section */
		668852341B5A58D1006FA4F3 /* Resources */ = {
			isa = PBXResourcesBuildPhase;
			buildActionMask = 2147483647;
			files = (
				668852441B5A58D1006FA4F3 /* LaunchScreen.storyboard in Resources */,
				668852411B5A58D1006FA4F3 /* Assets.xcassets in Resources */,
				6688523F1B5A58D1006FA4F3 /* Main.storyboard in Resources */,
			);
			runOnlyForDeploymentPostprocessing = 0;
		};
		668852481B5A58D1006FA4F3 /* Resources */ = {
			isa = PBXResourcesBuildPhase;
			buildActionMask = 2147483647;
			files = (
			);
			runOnlyForDeploymentPostprocessing = 0;
		};
		668852531B5A58D1006FA4F3 /* Resources */ = {
			isa = PBXResourcesBuildPhase;
			buildActionMask = 2147483647;
			files = (
			);
			runOnlyForDeploymentPostprocessing = 0;
		};
/* End PBXResourcesBuildPhase section */

/* Begin PBXSourcesBuildPhase section */
		668852321B5A58D1006FA4F3 /* Sources */ = {
			isa = PBXSourcesBuildPhase;
			buildActionMask = 2147483647;
			files = (
				6688523C1B5A58D1006FA4F3 /* ViewController.swift in Sources */,
				6688523A1B5A58D1006FA4F3 /* AppDelegate.swift in Sources */,
			);
			runOnlyForDeploymentPostprocessing = 0;
		};
		668852461B5A58D1006FA4F3 /* Sources */ = {
			isa = PBXSourcesBuildPhase;
			buildActionMask = 2147483647;
			files = (
				6688524F1B5A58D1006FA4F3 /* MapTests.swift in Sources */,
			);
			runOnlyForDeploymentPostprocessing = 0;
		};
		668852511B5A58D1006FA4F3 /* Sources */ = {
			isa = PBXSourcesBuildPhase;
			buildActionMask = 2147483647;
			files = (
				6688525A1B5A58D1006FA4F3 /* MapUITests.swift in Sources */,
			);
			runOnlyForDeploymentPostprocessing = 0;
		};
/* End PBXSourcesBuildPhase section */

/* Begin PBXTargetDependency section */
		6688524C1B5A58D1006FA4F3 /* PBXTargetDependency */ = {
			isa = PBXTargetDependency;
			target = 668852351B5A58D1006FA4F3 /* Map */;
			targetProxy = 6688524B1B5A58D1006FA4F3 /* PBXContainerItemProxy */;
		};
		668852571B5A58D1006FA4F3 /* PBXTargetDependency */ = {
			isa = PBXTargetDependency;
			target = 668852351B5A58D1006FA4F3 /* Map */;
			targetProxy = 668852561B5A58D1006FA4F3 /* PBXContainerItemProxy */;
		};
/* End PBXTargetDependency section */

/* Begin PBXVariantGroup section */
		6688523D1B5A58D1006FA4F3 /* Main.storyboard */ = {
			isa = PBXVariantGroup;
			children = (
				6688523E1B5A58D1006FA4F3 /* Base */,
			);
			name = Main.storyboard;
			sourceTree = "<group>";
		};
		668852421B5A58D1006FA4F3 /* LaunchScreen.storyboard */ = {
			isa = PBXVariantGroup;
			children = (
				668852431B5A58D1006FA4F3 /* Base */,
			);
			name = LaunchScreen.storyboard;
			sourceTree = "<group>";
		};
/* End PBXVariantGroup section */

/* Begin XCBuildConfiguration section */
		6688525C1B5A58D1006FA4F3 /* Debug */ = {
			isa = XCBuildConfiguration;
			buildSettings = {
				ALWAYS_SEARCH_USER_PATHS = NO;
				CLANG_CXX_LANGUAGE_STANDARD = "gnu++0x";
				CLANG_CXX_LIBRARY = "libc++";
				CLANG_ENABLE_MODULES = YES;
				CLANG_ENABLE_OBJC_ARC = YES;
				CLANG_WARN_BOOL_CONVERSION = YES;
				CLANG_WARN_CONSTANT_CONVERSION = YES;
				CLANG_WARN_DIRECT_OBJC_ISA_USAGE = YES_ERROR;
				CLANG_WARN_EMPTY_BODY = YES;
				CLANG_WARN_ENUM_CONVERSION = YES;
				CLANG_WARN_INT_CONVERSION = YES;
				CLANG_WARN_OBJC_ROOT_CLASS = YES_ERROR;
				CLANG_WARN_UNREACHABLE_CODE = YES;
				CLANG_WARN__DUPLICATE_METHOD_MATCH = YES;
				"CODE_SIGN_IDENTITY[sdk=iphoneos*]" = "iPhone Developer";
				COPY_PHASE_STRIP = NO;
				DEBUG_INFORMATION_FORMAT = dwarf;
				ENABLE_STRICT_OBJC_MSGSEND = YES;
				ENABLE_TESTABILITY = YES;
				GCC_C_LANGUAGE_STANDARD = gnu99;
				GCC_DYNAMIC_NO_PIC = NO;
				GCC_NO_COMMON_BLOCKS = YES;
				GCC_OPTIMIZATION_LEVEL = 0;
				GCC_PREPROCESSOR_DEFINITIONS = (
					"DEBUG=1",
					"$(inherited)",
				);
				GCC_WARN_64_TO_32_BIT_CONVERSION = YES;
				GCC_WARN_ABOUT_RETURN_TYPE = YES_ERROR;
				GCC_WARN_UNDECLARED_SELECTOR = YES;
				GCC_WARN_UNINITIALIZED_AUTOS = YES_AGGRESSIVE;
				GCC_WARN_UNUSED_FUNCTION = YES;
				GCC_WARN_UNUSED_VARIABLE = YES;
				IPHONEOS_DEPLOYMENT_TARGET = 9.0;
				MTL_ENABLE_DEBUG_INFO = YES;
				ONLY_ACTIVE_ARCH = YES;
				SDKROOT = iphoneos;
				SWIFT_OPTIMIZATION_LEVEL = "-Onone";
			};
			name = Debug;
		};
		6688525D1B5A58D1006FA4F3 /* Release */ = {
			isa = XCBuildConfiguration;
			buildSettings = {
				ALWAYS_SEARCH_USER_PATHS = NO;
				CLANG_CXX_LANGUAGE_STANDARD = "gnu++0x";
				CLANG_CXX_LIBRARY = "libc++";
				CLANG_ENABLE_MODULES = YES;
				CLANG_ENABLE_OBJC_ARC = YES;
				CLANG_WARN_BOOL_CONVERSION = YES;
				CLANG_WARN_CONSTANT_CONVERSION = YES;
				CLANG_WARN_DIRECT_OBJC_ISA_USAGE = YES_ERROR;
				CLANG_WARN_EMPTY_BODY = YES;
				CLANG_WARN_ENUM_CONVERSION = YES;
				CLANG_WARN_INT_CONVERSION = YES;
				CLANG_WARN_OBJC_ROOT_CLASS = YES_ERROR;
				CLANG_WARN_UNREACHABLE_CODE = YES;
				CLANG_WARN__DUPLICATE_METHOD_MATCH = YES;
				"CODE_SIGN_IDENTITY[sdk=iphoneos*]" = "iPhone Developer";
				COPY_PHASE_STRIP = NO;
				DEBUG_INFORMATION_FORMAT = "dwarf-with-dsym";
				ENABLE_NS_ASSERTIONS = NO;
				ENABLE_STRICT_OBJC_MSGSEND = YES;
				GCC_C_LANGUAGE_STANDARD = gnu99;
				GCC_NO_COMMON_BLOCKS = YES;
				GCC_WARN_64_TO_32_BIT_CONVERSION = YES;
				GCC_WARN_ABOUT_RETURN_TYPE = YES_ERROR;
				GCC_WARN_UNDECLARED_SELECTOR = YES;
				GCC_WARN_UNINITIALIZED_AUTOS = YES_AGGRESSIVE;
				GCC_WARN_UNUSED_FUNCTION = YES;
				GCC_WARN_UNUSED_VARIABLE = YES;
				IPHONEOS_DEPLOYMENT_TARGET = 9.0;
				MTL_ENABLE_DEBUG_INFO = NO;
				SDKROOT = iphoneos;
				VALIDATE_PRODUCT = YES;
			};
			name = Release;
		};
		6688525F1B5A58D1006FA4F3 /* Debug */ = {
			isa = XCBuildConfiguration;
			buildSettings = {
				ASSETCATALOG_COMPILER_APPICON_NAME = AppIcon;
				INFOPLIST_FILE = Map/Info.plist;
				LD_RUNPATH_SEARCH_PATHS = "$(inherited) @executable_path/Frameworks";
				PRODUCT_BUNDLE_IDENTIFIER = shaoweizhang.com.Map;
				PRODUCT_NAME = "$(TARGET_NAME)";
			};
			name = Debug;
		};
		668852601B5A58D1006FA4F3 /* Release */ = {
			isa = XCBuildConfiguration;
			buildSettings = {
				ASSETCATALOG_COMPILER_APPICON_NAME = AppIcon;
				INFOPLIST_FILE = Map/Info.plist;
				LD_RUNPATH_SEARCH_PATHS = "$(inherited) @executable_path/Frameworks";
				PRODUCT_BUNDLE_IDENTIFIER = shaoweizhang.com.Map;
				PRODUCT_NAME = "$(TARGET_NAME)";
			};
			name = Release;
		};
		668852621B5A58D1006FA4F3 /* Debug */ = {
			isa = XCBuildConfiguration;
			buildSettings = {
				BUNDLE_LOADER = "$(TEST_HOST)";
				INFOPLIST_FILE = MapTests/Info.plist;
				LD_RUNPATH_SEARCH_PATHS = "$(inherited) @executable_path/Frameworks @loader_path/Frameworks";
				PRODUCT_BUNDLE_IDENTIFIER = shaoweizhang.com.MapTests;
				PRODUCT_NAME = "$(TARGET_NAME)";
				TEST_HOST = "$(BUILT_PRODUCTS_DIR)/Map.app/Map";
			};
			name = Debug;
		};
		668852631B5A58D1006FA4F3 /* Release */ = {
			isa = XCBuildConfiguration;
			buildSettings = {
				BUNDLE_LOADER = "$(TEST_HOST)";
				INFOPLIST_FILE = MapTests/Info.plist;
				LD_RUNPATH_SEARCH_PATHS = "$(inherited) @executable_path/Frameworks @loader_path/Frameworks";
				PRODUCT_BUNDLE_IDENTIFIER = shaoweizhang.com.MapTests;
				PRODUCT_NAME = "$(TARGET_NAME)";
				TEST_HOST = "$(BUILT_PRODUCTS_DIR)/Map.app/Map";
			};
			name = Release;
		};
		668852651B5A58D1006FA4F3 /* Debug */ = {
			isa = XCBuildConfiguration;
			buildSettings = {
				INFOPLIST_FILE = MapUITests/Info.plist;
				LD_RUNPATH_SEARCH_PATHS = "$(inherited) @executable_path/Frameworks @loader_path/Frameworks";
				PRODUCT_BUNDLE_IDENTIFIER = shaoweizhang.com.MapUITests;
				PRODUCT_NAME = "$(TARGET_NAME)";
				TEST_TARGET_NAME = Map;
				USES_XCTRUNNER = YES;
			};
			name = Debug;
		};
		668852661B5A58D1006FA4F3 /* Release */ = {
			isa = XCBuildConfiguration;
			buildSettings = {
				INFOPLIST_FILE = MapUITests/Info.plist;
				LD_RUNPATH_SEARCH_PATHS = "$(inherited) @executable_path/Frameworks @loader_path/Frameworks";
				PRODUCT_BUNDLE_IDENTIFIER = shaoweizhang.com.MapUITests;
				PRODUCT_NAME = "$(TARGET_NAME)";
				TEST_TARGET_NAME = Map;
				USES_XCTRUNNER = YES;
			};
			name = Release;
		};
/* End XCBuildConfiguration section */

/* Begin XCConfigurationList section */
		668852311B5A58D1006FA4F3 /* Build configuration list for PBXProject "Map" */ = {
			isa = XCConfigurationList;
			buildConfigurations = (
				6688525C1B5A58D1006FA4F3 /* Debug */,
				6688525D1B5A58D1006FA4F3 /* Release */,
			);
			defaultConfigurationIsVisible = 0;
			defaultConfigurationName = Release;
		};
		6688525E1B5A58D1006FA4F3 /* Build configuration list for PBXNativeTarget "Map" */ = {
			isa = XCConfigurationList;
			buildConfigurations = (
				6688525F1B5A58D1006FA4F3 /* Debug */,
				668852601B5A58D1006FA4F3 /* Release */,
			);
			defaultConfigurationIsVisible = 0;
		};
		668852611B5A58D1006FA4F3 /* Build configuration list for PBXNativeTarget "MapTests" */ = {
			isa = XCConfigurationList;
			buildConfigurations = (
				668852621B5A58D1006FA4F3 /* Debug */,
				668852631B5A58D1006FA4F3 /* Release */,
			);
			defaultConfigurationIsVisible = 0;
		};
		668852641B5A58D1006FA4F3 /* Build configuration list for PBXNativeTarget "MapUITests" */ = {
			isa = XCConfigurationList;
			buildConfigurations = (
				668852651B5A58D1006FA4F3 /* Debug */,
				668852661B5A58D1006FA4F3 /* Release */,
			);
			defaultConfigurationIsVisible = 0;
		};
/* End XCConfigurationList section */
	};
	rootObject = 6688522E1B5A58D1006FA4F3 /* Project object */;
}
